
Microsoft Visual Studio Solution File, Format Version 12.00
# Visual Studio Version 17
VisualStudioVersion = 17.1.31911.260
MinimumVisualStudioVersion = 10.0.40219.1
Project("{9A19103F-16F7-4668-BE54-9A1E7A4F7556}") = "BadBot", "BadBot\BadBot.csproj", "{D9099C13-4243-4E95-B851-E056F1DB2EEB}"
EndProject
Project("{9A19103F-16F7-4668-BE54-9A1E7A4F7556}") = "FtxApi", "FtxApi\FtxApi.csproj", "{BABA3CF2-1336-4377-9EE5-2DA38D63F47C}"
EndProject
Project("{FAE04EC0-301F-11D3-BF4B-00C04F79EFBC}") = "SimpleFX", "SimpleFX\SimpleFX.csproj", "{82D628CD-C481-4B39-ACB0-586263022234}"
EndProject
Global
	GlobalSection(SolutionConfigurationPlatforms) = preSolution
		Debug|Any CPU = Debug|Any CPU
		Release|Any CPU = Release|Any CPU
	EndGlobalSection
	GlobalSection(ProjectConfigurationPlatforms) = postSolution
		{D9099C13-4243-4E95-B851-E056F1DB2EEB}.Debug|Any CPU.ActiveCfg = Debug|Any CPU
		{D9099C13-4243-4E95-B851-E056F1DB2EEB}.Debug|Any CPU.Build.0 = Debug|Any CPU
		{D9099C13-4243-4E95-B851-E056F1DB2EEB}.Release|Any CPU.ActiveCfg = Release|Any CPU
		{D9099C13-4243-4E95-B851-E056F1DB2EEB}.Release|Any CPU.Build.0 = Release|Any CPU
		{BABA3CF2-1336-4377-9EE5-2DA38D63F47C}.Debug|Any CPU.ActiveCfg = Debug|Any CPU
		{BABA3CF2-1336-4377-9EE5-2DA38D63F47C}.Debug|Any CPU.Build.0 = Debug|Any CPU
		{BABA3CF2-1336-4377-9EE5-2DA38D63F47C}.Release|Any CPU.ActiveCfg = Release|Any CPU
		{BABA3CF2-1336-4377-9EE5-2DA38D63F47C}.Release|Any CPU.Build.0 = Release|Any CPU
		{82D628CD-C481-4B39-ACB0-586263022234}.Debug|Any CPU.ActiveCfg = Debug|Any CPU
		{82D628CD-C481-4B39-ACB0-586263022234}.Debug|Any CPU.Build.0 = Debug|Any CPU
		{82D628CD-C481-4B39-ACB0-586263022234}.Release|Any CPU.ActiveCfg = Release|Any CPU
		{82D628CD-C481-4B39-ACB0-586263022234}.Release|Any CPU.Build.0 = Release|Any CPU
	EndGlobalSection
	GlobalSection(SolutionProperties) = preSolution
		HideSolutionNode = FALSE
	EndGlobalSection
	GlobalSection(ExtensibilityGlobals) = postSolution
		SolutionGuid = {42D07103-C765-4F3D-ABF9-4FE784E9894F}
	EndGlobalSection
EndGlobal
